// !$*UTF8*$!
{
	archiveVersion = 1;
	classes = {
	};
	objectVersion = 46;
	objects = {

/* Begin PBXBuildFile section */
		1B11811C1F749786002FD929 /* AppDelegate.swift in Sources */ = {isa = PBXBuildFile; fileRef = 1B11811B1F749786002FD929 /* AppDelegate.swift */; };
		1B11811E1F749786002FD929 /* ViewController.swift in Sources */ = {isa = PBXBuildFile; fileRef = 1B11811D1F749786002FD929 /* ViewController.swift */; };
		1B1181211F749786002FD929 /* Main.storyboard in Resources */ = {isa = PBXBuildFile; fileRef = 1B11811F1F749786002FD929 /* Main.storyboard */; };
		1B1181231F749786002FD929 /* Assets.xcassets in Resources */ = {isa = PBXBuildFile; fileRef = 1B1181221F749786002FD929 /* Assets.xcassets */; };
		1B1181261F749786002FD929 /* LaunchScreen.storyboard in Resources */ = {isa = PBXBuildFile; fileRef = 1B1181241F749786002FD929 /* LaunchScreen.storyboard */; };
		1B1181311F749787002FD929 /* HW7Tests.swift in Sources */ = {isa = PBXBuildFile; fileRef = 1B1181301F749787002FD929 /* HW7Tests.swift */; };
		1B11813C1F749787002FD929 /* HW7UITests.swift in Sources */ = {isa = PBXBuildFile; fileRef = 1B11813B1F749787002FD929 /* HW7UITests.swift */; };
		1B35218D1F772A880009479A /* SettingsViewController.swift in Sources */ = {isa = PBXBuildFile; fileRef = 1B35218C1F772A880009479A /* SettingsViewController.swift */; };
		1B383EF61F757BD100064225 /* DecimalMinusTextField.swift in Sources */ = {isa = PBXBuildFile; fileRef = 1B383EF51F757BD100064225 /* DecimalMinusTextField.swift */; };
		1B4FEC421FA8E3A900ECD2A3 /* HistoryTableViewController.swift in Sources */ = {isa = PBXBuildFile; fileRef = 1B4FEC411FA8E3A900ECD2A3 /* HistoryTableViewController.swift */; };
		1B80C5BF1FA7880C002F35C8 /* LocationLookup.swift in Sources */ = {isa = PBXBuildFile; fileRef = 1B80C5BE1FA7880C002F35C8 /* LocationLookup.swift */; };
		1B8257771F966711004C4006 /* GeoCalcTextField.swift in Sources */ = {isa = PBXBuildFile; fileRef = 1B8257761F966711004C4006 /* GeoCalcTextField.swift */; };
		1B8257791F9667D1004C4006 /* GeoCalcLabel.swift in Sources */ = {isa = PBXBuildFile; fileRef = 1B8257781F9667D1004C4006 /* GeoCalcLabel.swift */; };
		1B82577B1F966930004C4006 /* GeoCalcButton.swift in Sources */ = {isa = PBXBuildFile; fileRef = 1B82577A1F966930004C4006 /* GeoCalcButton.swift */; };
		1B82577F1F966BC0004C4006 /* GeoCalcViewController.swift in Sources */ = {isa = PBXBuildFile; fileRef = 1B82577E1F966BC0004C4006 /* GeoCalcViewController.swift */; };
		1BB2CCA31FAA8F9600E933D5 /* HistoryTableViewCell.swift in Sources */ = {isa = PBXBuildFile; fileRef = 1BB2CCA21FAA8F9600E933D5 /* HistoryTableViewCell.swift */; };
		1BFDAFDA1FAB4E0900109BF9 /* LocationSearchViewControllr.swift in Sources */ = {isa = PBXBuildFile; fileRef = 1BFDAFD91FAB4E0900109BF9 /* LocationSearchViewControllr.swift */; };
		472996680D5B9744C1CF33A6 /* Pods_HW7Tests.framework in Frameworks */ = {isa = PBXBuildFile; fileRef = 8A5E74AC9886C11C78D0E279 /* Pods_HW7Tests.framework */; };
		8F1C337EB17C5A7503FDCC35 /* Pods_HW7UITests.framework in Frameworks */ = {isa = PBXBuildFile; fileRef = F0A495DC5530D7758CEFB9A7 /* Pods_HW7UITests.framework */; };
		BB404E9709DF586AEA4573EE /* Pods_HW7.framework in Frameworks */ = {isa = PBXBuildFile; fileRef = 692E7D5FF59A77B2A49D2425 /* Pods_HW7.framework */; };
/* End PBXBuildFile section */

/* Begin PBXContainerItemProxy section */
		1B11812D1F749787002FD929 /* PBXContainerItemProxy */ = {
			isa = PBXContainerItemProxy;
			containerPortal = 1B1181101F749786002FD929 /* Project object */;
			proxyType = 1;
			remoteGlobalIDString = 1B1181171F749786002FD929;
			remoteInfo = HW3;
		};
		1B1181381F749787002FD929 /* PBXContainerItemProxy */ = {
			isa = PBXContainerItemProxy;
			containerPortal = 1B1181101F749786002FD929 /* Project object */;
			proxyType = 1;
			remoteGlobalIDString = 1B1181171F749786002FD929;
			remoteInfo = HW3;
		};
/* End PBXContainerItemProxy section */

/* Begin PBXFileReference section */
		1B1181181F749786002FD929 /* HW7.app */ = {isa = PBXFileReference; explicitFileType = wrapper.application; includeInIndex = 0; path = HW7.app; sourceTree = BUILT_PRODUCTS_DIR; };
		1B11811B1F749786002FD929 /* AppDelegate.swift */ = {isa = PBXFileReference; lastKnownFileType = sourcecode.swift; path = AppDelegate.swift; sourceTree = "<group>"; };
		1B11811D1F749786002FD929 /* ViewController.swift */ = {isa = PBXFileReference; lastKnownFileType = sourcecode.swift; path = ViewController.swift; sourceTree = "<group>"; };
		1B1181201F749786002FD929 /* Base */ = {isa = PBXFileReference; lastKnownFileType = file.storyboard; name = Base; path = Base.lproj/Main.storyboard; sourceTree = "<group>"; };
		1B1181221F749786002FD929 /* Assets.xcassets */ = {isa = PBXFileReference; lastKnownFileType = folder.assetcatalog; path = Assets.xcassets; sourceTree = "<group>"; };
		1B1181251F749786002FD929 /* Base */ = {isa = PBXFileReference; lastKnownFileType = file.storyboard; name = Base; path = Base.lproj/LaunchScreen.storyboard; sourceTree = "<group>"; };
		1B1181271F749786002FD929 /* Info.plist */ = {isa = PBXFileReference; lastKnownFileType = text.plist.xml; path = Info.plist; sourceTree = "<group>"; };
		1B11812C1F749787002FD929 /* HW7Tests.xctest */ = {isa = PBXFileReference; explicitFileType = wrapper.cfbundle; includeInIndex = 0; path = HW7Tests.xctest; sourceTree = BUILT_PRODUCTS_DIR; };
		1B1181301F749787002FD929 /* HW7Tests.swift */ = {isa = PBXFileReference; lastKnownFileType = sourcecode.swift; path = HW7Tests.swift; sourceTree = "<group>"; };
		1B1181321F749787002FD929 /* Info.plist */ = {isa = PBXFileReference; lastKnownFileType = text.plist.xml; path = Info.plist; sourceTree = "<group>"; };
		1B1181371F749787002FD929 /* HW7UITests.xctest */ = {isa = PBXFileReference; explicitFileType = wrapper.cfbundle; includeInIndex = 0; path = HW7UITests.xctest; sourceTree = BUILT_PRODUCTS_DIR; };
		1B11813B1F749787002FD929 /* HW7UITests.swift */ = {isa = PBXFileReference; lastKnownFileType = sourcecode.swift; path = HW7UITests.swift; sourceTree = "<group>"; };
		1B11813D1F749787002FD929 /* Info.plist */ = {isa = PBXFileReference; lastKnownFileType = text.plist.xml; path = Info.plist; sourceTree = "<group>"; };
		1B35218C1F772A880009479A /* SettingsViewController.swift */ = {isa = PBXFileReference; fileEncoding = 4; lastKnownFileType = sourcecode.swift; path = SettingsViewController.swift; sourceTree = "<group>"; };
		1B383EF51F757BD100064225 /* DecimalMinusTextField.swift */ = {isa = PBXFileReference; fileEncoding = 4; lastKnownFileType = sourcecode.swift; path = DecimalMinusTextField.swift; sourceTree = "<group>"; };
		1B4FEC411FA8E3A900ECD2A3 /* HistoryTableViewController.swift */ = {isa = PBXFileReference; lastKnownFileType = sourcecode.swift; path = HistoryTableViewController.swift; sourceTree = "<group>"; };
		1B80C5BE1FA7880C002F35C8 /* LocationLookup.swift */ = {isa = PBXFileReference; lastKnownFileType = sourcecode.swift; path = LocationLookup.swift; sourceTree = "<group>"; };
		1B8257761F966711004C4006 /* GeoCalcTextField.swift */ = {isa = PBXFileReference; lastKnownFileType = sourcecode.swift; path = GeoCalcTextField.swift; sourceTree = "<group>"; };
		1B8257781F9667D1004C4006 /* GeoCalcLabel.swift */ = {isa = PBXFileReference; lastKnownFileType = sourcecode.swift; path = GeoCalcLabel.swift; sourceTree = "<group>"; };
		1B82577A1F966930004C4006 /* GeoCalcButton.swift */ = {isa = PBXFileReference; lastKnownFileType = sourcecode.swift; path = GeoCalcButton.swift; sourceTree = "<group>"; };
		1B82577E1F966BC0004C4006 /* GeoCalcViewController.swift */ = {isa = PBXFileReference; lastKnownFileType = sourcecode.swift; path = GeoCalcViewController.swift; sourceTree = "<group>"; };
		1B9CB7F71FA9F7F4006FDBF2 /* image2.jpg */ = {isa = PBXFileReference; lastKnownFileType = image.jpeg; path = image2.jpg; sourceTree = "<group>"; };
		1B9CB7F81FA9F7F4006FDBF2 /* image1.jpg */ = {isa = PBXFileReference; lastKnownFileType = image.jpeg; path = image1.jpg; sourceTree = "<group>"; };
		1BB2CCA21FAA8F9600E933D5 /* HistoryTableViewCell.swift */ = {isa = PBXFileReference; lastKnownFileType = sourcecode.swift; path = HistoryTableViewCell.swift; sourceTree = "<group>"; };
		1BFDAFD91FAB4E0900109BF9 /* LocationSearchViewControllr.swift */ = {isa = PBXFileReference; lastKnownFileType = sourcecode.swift; path = LocationSearchViewControllr.swift; sourceTree = "<group>"; };
		4B86E71C774AF225B3C3C9D0 /* Pods-HW7Tests.release.xcconfig */ = {isa = PBXFileReference; includeInIndex = 1; lastKnownFileType = text.xcconfig; name = "Pods-HW7Tests.release.xcconfig"; path = "Pods/Target Support Files/Pods-HW7Tests/Pods-HW7Tests.release.xcconfig"; sourceTree = "<group>"; };
		5056CA254566603A51D09784 /* Pods-HW7UITests.debug.xcconfig */ = {isa = PBXFileReference; includeInIndex = 1; lastKnownFileType = text.xcconfig; name = "Pods-HW7UITests.debug.xcconfig"; path = "Pods/Target Support Files/Pods-HW7UITests/Pods-HW7UITests.debug.xcconfig"; sourceTree = "<group>"; };
		5CE695A39480DBAA88CD654B /* Pods-HW7UITests.release.xcconfig */ = {isa = PBXFileReference; includeInIndex = 1; lastKnownFileType = text.xcconfig; name = "Pods-HW7UITests.release.xcconfig"; path = "Pods/Target Support Files/Pods-HW7UITests/Pods-HW7UITests.release.xcconfig"; sourceTree = "<group>"; };
		681E59904AB9448D8FF70F3B /* Pods-HW7Tests.debug.xcconfig */ = {isa = PBXFileReference; includeInIndex = 1; lastKnownFileType = text.xcconfig; name = "Pods-HW7Tests.debug.xcconfig"; path = "Pods/Target Support Files/Pods-HW7Tests/Pods-HW7Tests.debug.xcconfig"; sourceTree = "<group>"; };
		692E7D5FF59A77B2A49D2425 /* Pods_HW7.framework */ = {isa = PBXFileReference; explicitFileType = wrapper.framework; includeInIndex = 0; path = Pods_HW7.framework; sourceTree = BUILT_PRODUCTS_DIR; };
		7F42154FB1DFB5DE7410EB29 /* Pods-HW7.debug.xcconfig */ = {isa = PBXFileReference; includeInIndex = 1; lastKnownFileType = text.xcconfig; name = "Pods-HW7.debug.xcconfig"; path = "Pods/Target Support Files/Pods-HW7/Pods-HW7.debug.xcconfig"; sourceTree = "<group>"; };
		8A5E74AC9886C11C78D0E279 /* Pods_HW7Tests.framework */ = {isa = PBXFileReference; explicitFileType = wrapper.framework; includeInIndex = 0; path = Pods_HW7Tests.framework; sourceTree = BUILT_PRODUCTS_DIR; };
		CD3E8B5FD757F0BD3944AB81 /* Pods-HW7.release.xcconfig */ = {isa = PBXFileReference; includeInIndex = 1; lastKnownFileType = text.xcconfig; name = "Pods-HW7.release.xcconfig"; path = "Pods/Target Support Files/Pods-HW7/Pods-HW7.release.xcconfig"; sourceTree = "<group>"; };
		F0A495DC5530D7758CEFB9A7 /* Pods_HW7UITests.framework */ = {isa = PBXFileReference; explicitFileType = wrapper.framework; includeInIndex = 0; path = Pods_HW7UITests.framework; sourceTree = BUILT_PRODUCTS_DIR; };
/* End PBXFileReference section */

/* Begin PBXFrameworksBuildPhase section */
		1B1181151F749786002FD929 /* Frameworks */ = {
			isa = PBXFrameworksBuildPhase;
			buildActionMask = 2147483647;
			files = (
				BB404E9709DF586AEA4573EE /* Pods_HW7.framework in Frameworks */,
			);
			runOnlyForDeploymentPostprocessing = 0;
		};
		1B1181291F749787002FD929 /* Frameworks */ = {
			isa = PBXFrameworksBuildPhase;
			buildActionMask = 2147483647;
			files = (
				472996680D5B9744C1CF33A6 /* Pods_HW7Tests.framework in Frameworks */,
			);
			runOnlyForDeploymentPostprocessing = 0;
		};
		1B1181341F749787002FD929 /* Frameworks */ = {
			isa = PBXFrameworksBuildPhase;
			buildActionMask = 2147483647;
			files = (
				8F1C337EB17C5A7503FDCC35 /* Pods_HW7UITests.framework in Frameworks */,
			);
			runOnlyForDeploymentPostprocessing = 0;
		};
/* End PBXFrameworksBuildPhase section */

/* Begin PBXGroup section */
		1B11810F1F749786002FD929 = {
			isa = PBXGroup;
			children = (
				1B11811A1F749786002FD929 /* HW7 */,
				1B11812F1F749787002FD929 /* HW7Tests */,
				1B11813A1F749787002FD929 /* HW7UITests */,
				1B1181191F749786002FD929 /* Products */,
				2FF7951602730327DAA7DB43 /* Pods */,
				EAAEED49E272366C7CDA68D1 /* Frameworks */,
			);
			sourceTree = "<group>";
		};
		1B1181191F749786002FD929 /* Products */ = {
			isa = PBXGroup;
			children = (
				1B1181181F749786002FD929 /* HW7.app */,
				1B11812C1F749787002FD929 /* HW7Tests.xctest */,
				1B1181371F749787002FD929 /* HW7UITests.xctest */,
			);
			name = Products;
			sourceTree = "<group>";
		};
		1B11811A1F749786002FD929 /* HW7 */ = {
			isa = PBXGroup;
			children = (
				1B8400691FA9387900D7AC54 /* Models */,
				1B8400681FA9383E00D7AC54 /* Controllers */,
				1B8400671FA937D900D7AC54 /* Views */,
				1B1181221F749786002FD929 /* Assets.xcassets */,
				1B9CB7F81FA9F7F4006FDBF2 /* image1.jpg */,
				1B9CB7F71FA9F7F4006FDBF2 /* image2.jpg */,
				1B11811B1F749786002FD929 /* AppDelegate.swift */,
				1B1181271F749786002FD929 /* Info.plist */,
			);
			path = HW7;
			sourceTree = "<group>";
		};
		1B11812F1F749787002FD929 /* HW7Tests */ = {
			isa = PBXGroup;
			children = (
				1B1181301F749787002FD929 /* HW7Tests.swift */,
				1B1181321F749787002FD929 /* Info.plist */,
			);
			path = HW7Tests;
			sourceTree = "<group>";
		};
		1B11813A1F749787002FD929 /* HW7UITests */ = {
			isa = PBXGroup;
			children = (
				1B11813B1F749787002FD929 /* HW7UITests.swift */,
				1B11813D1F749787002FD929 /* Info.plist */,
			);
			path = HW7UITests;
			sourceTree = "<group>";
		};
		1B8400671FA937D900D7AC54 /* Views */ = {
			isa = PBXGroup;
			children = (
				1B11811F1F749786002FD929 /* Main.storyboard */,
				1B1181241F749786002FD929 /* LaunchScreen.storyboard */,
				1B8257761F966711004C4006 /* GeoCalcTextField.swift */,
				1B383EF51F757BD100064225 /* DecimalMinusTextField.swift */,
				1B82577A1F966930004C4006 /* GeoCalcButton.swift */,
				1B8257781F9667D1004C4006 /* GeoCalcLabel.swift */,
				1BB2CCA21FAA8F9600E933D5 /* HistoryTableViewCell.swift */,
			);
			path = Views;
			sourceTree = "<group>";
		};
		1B8400681FA9383E00D7AC54 /* Controllers */ = {
			isa = PBXGroup;
			children = (
				1BFDAFD91FAB4E0900109BF9 /* LocationSearchViewControllr.swift */,
				1B11811D1F749786002FD929 /* ViewController.swift */,
				1B35218C1F772A880009479A /* SettingsViewController.swift */,
				1B4FEC411FA8E3A900ECD2A3 /* HistoryTableViewController.swift */,
				1B82577E1F966BC0004C4006 /* GeoCalcViewController.swift */,
			);
			path = Controllers;
			sourceTree = "<group>";
		};
		1B8400691FA9387900D7AC54 /* Models */ = {
			isa = PBXGroup;
			children = (
				1B80C5BE1FA7880C002F35C8 /* LocationLookup.swift */,
			);
			path = Models;
			sourceTree = "<group>";
		};
		2FF7951602730327DAA7DB43 /* Pods */ = {
			isa = PBXGroup;
			children = (
				7F42154FB1DFB5DE7410EB29 /* Pods-HW7.debug.xcconfig */,
				CD3E8B5FD757F0BD3944AB81 /* Pods-HW7.release.xcconfig */,
				681E59904AB9448D8FF70F3B /* Pods-HW7Tests.debug.xcconfig */,
				4B86E71C774AF225B3C3C9D0 /* Pods-HW7Tests.release.xcconfig */,
				5056CA254566603A51D09784 /* Pods-HW7UITests.debug.xcconfig */,
				5CE695A39480DBAA88CD654B /* Pods-HW7UITests.release.xcconfig */,
			);
			name = Pods;
			sourceTree = "<group>";
		};
		EAAEED49E272366C7CDA68D1 /* Frameworks */ = {
			isa = PBXGroup;
			children = (
				692E7D5FF59A77B2A49D2425 /* Pods_HW7.framework */,
				8A5E74AC9886C11C78D0E279 /* Pods_HW7Tests.framework */,
				F0A495DC5530D7758CEFB9A7 /* Pods_HW7UITests.framework */,
			);
			name = Frameworks;
			sourceTree = "<group>";
		};
/* End PBXGroup section */

/* Begin PBXNativeTarget section */
		1B1181171F749786002FD929 /* HW7 */ = {
			isa = PBXNativeTarget;
			buildConfigurationList = 1B1181401F749787002FD929 /* Build configuration list for PBXNativeTarget "HW7" */;
			buildPhases = (
				8FD5C81F31D89C669D702DF7 /* [CP] Check Pods Manifest.lock */,
				1B1181141F749786002FD929 /* Sources */,
				1B1181151F749786002FD929 /* Frameworks */,
				1B1181161F749786002FD929 /* Resources */,
				8EEC488BDA327755CAEBF213 /* [CP] Embed Pods Frameworks */,
				BB8B891BC9B4AE4914F69DB3 /* [CP] Copy Pods Resources */,
			);
			buildRules = (
			);
			dependencies = (
			);
			name = HW7;
			productName = HW3;
			productReference = 1B1181181F749786002FD929 /* HW7.app */;
			productType = "com.apple.product-type.application";
		};
		1B11812B1F749787002FD929 /* HW7Tests */ = {
			isa = PBXNativeTarget;
			buildConfigurationList = 1B1181431F749787002FD929 /* Build configuration list for PBXNativeTarget "HW7Tests" */;
			buildPhases = (
				73A34519FCF05E70778C2B7A /* [CP] Check Pods Manifest.lock */,
				1B1181281F749787002FD929 /* Sources */,
				1B1181291F749787002FD929 /* Frameworks */,
				1B11812A1F749787002FD929 /* Resources */,
				E5BCAAC6C359F2408E8E003D /* [CP] Embed Pods Frameworks */,
				E5E9CAB9DFB3D1F9E4F924F6 /* [CP] Copy Pods Resources */,
			);
			buildRules = (
			);
			dependencies = (
				1B11812E1F749787002FD929 /* PBXTargetDependency */,
			);
			name = HW7Tests;
			productName = HW3Tests;
			productReference = 1B11812C1F749787002FD929 /* HW7Tests.xctest */;
			productType = "com.apple.product-type.bundle.unit-test";
		};
		1B1181361F749787002FD929 /* HW7UITests */ = {
			isa = PBXNativeTarget;
			buildConfigurationList = 1B1181461F749787002FD929 /* Build configuration list for PBXNativeTarget "HW7UITests" */;
			buildPhases = (
				715581AAA7CD5BB8C2E80D4C /* [CP] Check Pods Manifest.lock */,
				1B1181331F749787002FD929 /* Sources */,
				1B1181341F749787002FD929 /* Frameworks */,
				1B1181351F749787002FD929 /* Resources */,
				E0A403F60F6F425F37F4E83B /* [CP] Embed Pods Frameworks */,
				5DE028AF4A3C26DDEA9B192F /* [CP] Copy Pods Resources */,
			);
			buildRules = (
			);
			dependencies = (
				1B1181391F749787002FD929 /* PBXTargetDependency */,
			);
			name = HW7UITests;
			productName = HW3UITests;
			productReference = 1B1181371F749787002FD929 /* HW7UITests.xctest */;
			productType = "com.apple.product-type.bundle.ui-testing";
		};
/* End PBXNativeTarget section */

/* Begin PBXProject section */
		1B1181101F749786002FD929 /* Project object */ = {
			isa = PBXProject;
			attributes = {
				LastSwiftUpdateCheck = 0830;
				LastUpgradeCheck = 0900;
				ORGANIZATIONNAME = eldridjo;
				TargetAttributes = {
					1B1181171F749786002FD929 = {
						CreatedOnToolsVersion = 8.3.3;
						ProvisioningStyle = Automatic;
					};
					1B11812B1F749787002FD929 = {
						CreatedOnToolsVersion = 8.3.3;
						ProvisioningStyle = Automatic;
						TestTargetID = 1B1181171F749786002FD929;
					};
					1B1181361F749787002FD929 = {
						CreatedOnToolsVersion = 8.3.3;
						ProvisioningStyle = Automatic;
						TestTargetID = 1B1181171F749786002FD929;
					};
				};
			};
			buildConfigurationList = 1B1181131F749786002FD929 /* Build configuration list for PBXProject "HW7" */;
			compatibilityVersion = "Xcode 3.2";
			developmentRegion = English;
			hasScannedForEncodings = 0;
			knownRegions = (
				en,
				Base,
			);
			mainGroup = 1B11810F1F749786002FD929;
			productRefGroup = 1B1181191F749786002FD929 /* Products */;
			projectDirPath = "";
			projectRoot = "";
			targets = (
				1B1181171F749786002FD929 /* HW7 */,
				1B11812B1F749787002FD929 /* HW7Tests */,
				1B1181361F749787002FD929 /* HW7UITests */,
			);
		};
/* End PBXProject section */

/* Begin PBXResourcesBuildPhase section */
		1B1181161F749786002FD929 /* Resources */ = {
			isa = PBXResourcesBuildPhase;
			buildActionMask = 2147483647;
			files = (
				1B1181261F749786002FD929 /* LaunchScreen.storyboard in Resources */,
				1B1181231F749786002FD929 /* Assets.xcassets in Resources */,
				1B1181211F749786002FD929 /* Main.storyboard in Resources */,
			);
			runOnlyForDeploymentPostprocessing = 0;
		};
		1B11812A1F749787002FD929 /* Resources */ = {
			isa = PBXResourcesBuildPhase;
			buildActionMask = 2147483647;
			files = (
			);
			runOnlyForDeploymentPostprocessing = 0;
		};
		1B1181351F749787002FD929 /* Resources */ = {
			isa = PBXResourcesBuildPhase;
			buildActionMask = 2147483647;
			files = (
			);
			runOnlyForDeploymentPostprocessing = 0;
		};
/* End PBXResourcesBuildPhase section */

/* Begin PBXShellScriptBuildPhase section */
		5DE028AF4A3C26DDEA9B192F /* [CP] Copy Pods Resources */ = {
			isa = PBXShellScriptBuildPhase;
			buildActionMask = 2147483647;
			files = (
			);
			inputPaths = (
			);
			name = "[CP] Copy Pods Resources";
			outputPaths = (
			);
			runOnlyForDeploymentPostprocessing = 0;
			shellPath = /bin/sh;
			shellScript = "\"${SRCROOT}/Pods/Target Support Files/Pods-HW7UITests/Pods-HW7UITests-resources.sh\"\n";
			showEnvVarsInLog = 0;
		};
		715581AAA7CD5BB8C2E80D4C /* [CP] Check Pods Manifest.lock */ = {
			isa = PBXShellScriptBuildPhase;
			buildActionMask = 2147483647;
			files = (
			);
			inputPaths = (
				"${PODS_PODFILE_DIR_PATH}/Podfile.lock",
				"${PODS_ROOT}/Manifest.lock",
			);
			name = "[CP] Check Pods Manifest.lock";
			outputPaths = (
				"$(DERIVED_FILE_DIR)/Pods-HW7UITests-checkManifestLockResult.txt",
			);
			runOnlyForDeploymentPostprocessing = 0;
			shellPath = /bin/sh;
			shellScript = "diff \"${PODS_PODFILE_DIR_PATH}/Podfile.lock\" \"${PODS_ROOT}/Manifest.lock\" > /dev/null\nif [ $? != 0 ] ; then\n    # print error to STDERR\n    echo \"error: The sandbox is not in sync with the Podfile.lock. Run 'pod install' or update your CocoaPods installation.\" >&2\n    exit 1\nfi\n# This output is used by Xcode 'outputs' to avoid re-running this script phase.\necho \"SUCCESS\" > \"${SCRIPT_OUTPUT_FILE_0}\"\n";
			showEnvVarsInLog = 0;
		};
		73A34519FCF05E70778C2B7A /* [CP] Check Pods Manifest.lock */ = {
			isa = PBXShellScriptBuildPhase;
			buildActionMask = 2147483647;
			files = (
			);
			inputPaths = (
				"${PODS_PODFILE_DIR_PATH}/Podfile.lock",
				"${PODS_ROOT}/Manifest.lock",
			);
			name = "[CP] Check Pods Manifest.lock";
			outputPaths = (
				"$(DERIVED_FILE_DIR)/Pods-HW7Tests-checkManifestLockResult.txt",
			);
			runOnlyForDeploymentPostprocessing = 0;
			shellPath = /bin/sh;
			shellScript = "diff \"${PODS_PODFILE_DIR_PATH}/Podfile.lock\" \"${PODS_ROOT}/Manifest.lock\" > /dev/null\nif [ $? != 0 ] ; then\n    # print error to STDERR\n    echo \"error: The sandbox is not in sync with the Podfile.lock. Run 'pod install' or update your CocoaPods installation.\" >&2\n    exit 1\nfi\n# This output is used by Xcode 'outputs' to avoid re-running this script phase.\necho \"SUCCESS\" > \"${SCRIPT_OUTPUT_FILE_0}\"\n";
			showEnvVarsInLog = 0;
		};
		8EEC488BDA327755CAEBF213 /* [CP] Embed Pods Frameworks */ = {
			isa = PBXShellScriptBuildPhase;
			buildActionMask = 2147483647;
			files = (
			);
			inputPaths = (
				"${SRCROOT}/Pods/Target Support Files/Pods-HW7/Pods-HW7-frameworks.sh",
				"${BUILT_PRODUCTS_DIR}/Eureka/Eureka.framework",
			);
			name = "[CP] Embed Pods Frameworks";
			outputPaths = (
				"${TARGET_BUILD_DIR}/${FRAMEWORKS_FOLDER_PATH}/Eureka.framework",
			);
			runOnlyForDeploymentPostprocessing = 0;
			shellPath = /bin/sh;
			shellScript = "\"${SRCROOT}/Pods/Target Support Files/Pods-HW7/Pods-HW7-frameworks.sh\"\n";
			showEnvVarsInLog = 0;
		};
		8FD5C81F31D89C669D702DF7 /* [CP] Check Pods Manifest.lock */ = {
			isa = PBXShellScriptBuildPhase;
			buildActionMask = 2147483647;
			files = (
			);
			inputPaths = (
				"${PODS_PODFILE_DIR_PATH}/Podfile.lock",
				"${PODS_ROOT}/Manifest.lock",
			);
			name = "[CP] Check Pods Manifest.lock";
			outputPaths = (
				"$(DERIVED_FILE_DIR)/Pods-HW7-checkManifestLockResult.txt",
			);
			runOnlyForDeploymentPostprocessing = 0;
			shellPath = /bin/sh;
			shellScript = "diff \"${PODS_PODFILE_DIR_PATH}/Podfile.lock\" \"${PODS_ROOT}/Manifest.lock\" > /dev/null\nif [ $? != 0 ] ; then\n    # print error to STDERR\n    echo \"error: The sandbox is not in sync with the Podfile.lock. Run 'pod install' or update your CocoaPods installation.\" >&2\n    exit 1\nfi\n# This output is used by Xcode 'outputs' to avoid re-running this script phase.\necho \"SUCCESS\" > \"${SCRIPT_OUTPUT_FILE_0}\"\n";
			showEnvVarsInLog = 0;
		};
		BB8B891BC9B4AE4914F69DB3 /* [CP] Copy Pods Resources */ = {
			isa = PBXShellScriptBuildPhase;
			buildActionMask = 2147483647;
			files = (
			);
			inputPaths = (
				"${SRCROOT}/Pods/Target Support Files/Pods-HW7/Pods-HW7-resources.sh",
				"${PODS_ROOT}/GoogleMaps/Maps/Frameworks/GoogleMaps.framework/Resources/GoogleMaps.bundle",
				"${PODS_ROOT}/GooglePlacePicker/Frameworks/GooglePlacePicker.framework/Resources/GooglePlacePicker.bundle",
				"${PODS_ROOT}/GooglePlaces/Frameworks/GooglePlaces.framework/Resources/GooglePlaces.bundle",
			);
			name = "[CP] Copy Pods Resources";
			outputPaths = (
				"${TARGET_BUILD_DIR}/${UNLOCALIZED_RESOURCES_FOLDER_PATH}",
			);
			runOnlyForDeploymentPostprocessing = 0;
			shellPath = /bin/sh;
			shellScript = "\"${SRCROOT}/Pods/Target Support Files/Pods-HW7/Pods-HW7-resources.sh\"\n";
			showEnvVarsInLog = 0;
		};
		E0A403F60F6F425F37F4E83B /* [CP] Embed Pods Frameworks */ = {
			isa = PBXShellScriptBuildPhase;
			buildActionMask = 2147483647;
			files = (
			);
			inputPaths = (
			);
			name = "[CP] Embed Pods Frameworks";
			outputPaths = (
			);
			runOnlyForDeploymentPostprocessing = 0;
			shellPath = /bin/sh;
			shellScript = "\"${SRCROOT}/Pods/Target Support Files/Pods-HW7UITests/Pods-HW7UITests-frameworks.sh\"\n";
			showEnvVarsInLog = 0;
		};
		E5BCAAC6C359F2408E8E003D /* [CP] Embed Pods Frameworks */ = {
			isa = PBXShellScriptBuildPhase;
			buildActionMask = 2147483647;
			files = (
			);
			inputPaths = (
			);
			name = "[CP] Embed Pods Frameworks";
			outputPaths = (
			);
			runOnlyForDeploymentPostprocessing = 0;
			shellPath = /bin/sh;
			shellScript = "\"${SRCROOT}/Pods/Target Support Files/Pods-HW7Tests/Pods-HW7Tests-frameworks.sh\"\n";
			showEnvVarsInLog = 0;
		};
		E5E9CAB9DFB3D1F9E4F924F6 /* [CP] Copy Pods Resources */ = {
			isa = PBXShellScriptBuildPhase;
			buildActionMask = 2147483647;
			files = (
			);
			inputPaths = (
			);
			name = "[CP] Copy Pods Resources";
			outputPaths = (
			);
			runOnlyForDeploymentPostprocessing = 0;
			shellPath = /bin/sh;
			shellScript = "\"${SRCROOT}/Pods/Target Support Files/Pods-HW7Tests/Pods-HW7Tests-resources.sh\"\n";
			showEnvVarsInLog = 0;
		};
/* End PBXShellScriptBuildPhase section */

/* Begin PBXSourcesBuildPhase section */
		1B1181141F749786002FD929 /* Sources */ = {
			isa = PBXSourcesBuildPhase;
			buildActionMask = 2147483647;
			files = (
				1B383EF61F757BD100064225 /* DecimalMinusTextField.swift in Sources */,
				1B11811E1F749786002FD929 /* ViewController.swift in Sources */,
				1B11811C1F749786002FD929 /* AppDelegate.swift in Sources */,
				1B82577F1F966BC0004C4006 /* GeoCalcViewController.swift in Sources */,
				1B35218D1F772A880009479A /* SettingsViewController.swift in Sources */,
				1B8257771F966711004C4006 /* GeoCalcTextField.swift in Sources */,
				1B8257791F9667D1004C4006 /* GeoCalcLabel.swift in Sources */,
				1B4FEC421FA8E3A900ECD2A3 /* HistoryTableViewController.swift in Sources */,
				1BB2CCA31FAA8F9600E933D5 /* HistoryTableViewCell.swift in Sources */,
				1B80C5BF1FA7880C002F35C8 /* LocationLookup.swift in Sources */,
				1B82577B1F966930004C4006 /* GeoCalcButton.swift in Sources */,
				1BFDAFDA1FAB4E0900109BF9 /* LocationSearchViewControllr.swift in Sources */,
			);
			runOnlyForDeploymentPostprocessing = 0;
		};
		1B1181281F749787002FD929 /* Sources */ = {
			isa = PBXSourcesBuildPhase;
			buildActionMask = 2147483647;
			files = (
				1B1181311F749787002FD929 /* HW7Tests.swift in Sources */,
			);
			runOnlyForDeploymentPostprocessing = 0;
		};
		1B1181331F749787002FD929 /* Sources */ = {
			isa = PBXSourcesBuildPhase;
			buildActionMask = 2147483647;
			files = (
				1B11813C1F749787002FD929 /* HW7UITests.swift in Sources */,
			);
			runOnlyForDeploymentPostprocessing = 0;
		};
/* End PBXSourcesBuildPhase section */

/* Begin PBXTargetDependency section */
		1B11812E1F749787002FD929 /* PBXTargetDependency */ = {
			isa = PBXTargetDependency;
			target = 1B1181171F749786002FD929 /* HW7 */;
			targetProxy = 1B11812D1F749787002FD929 /* PBXContainerItemProxy */;
		};
		1B1181391F749787002FD929 /* PBXTargetDependency */ = {
			isa = PBXTargetDependency;
			target = 1B1181171F749786002FD929 /* HW7 */;
			targetProxy = 1B1181381F749787002FD929 /* PBXContainerItemProxy */;
		};
/* End PBXTargetDependency section */

/* Begin PBXVariantGroup section */
		1B11811F1F749786002FD929 /* Main.storyboard */ = {
			isa = PBXVariantGroup;
			children = (
				1B1181201F749786002FD929 /* Base */,
			);
			name = Main.storyboard;
			sourceTree = "<group>";
		};
		1B1181241F749786002FD929 /* LaunchScreen.storyboard */ = {
			isa = PBXVariantGroup;
			children = (
				1B1181251F749786002FD929 /* Base */,
			);
			name = LaunchScreen.storyboard;
			sourceTree = "<group>";
		};
/* End PBXVariantGroup section */

/* Begin XCBuildConfiguration section */
		1B11813E1F749787002FD929 /* Debug */ = {
			isa = XCBuildConfiguration;
			buildSettings = {
				ALWAYS_SEARCH_USER_PATHS = NO;
				CLANG_ANALYZER_NONNULL = YES;
				CLANG_ANALYZER_NUMBER_OBJECT_CONVERSION = YES_AGGRESSIVE;
				CLANG_CXX_LANGUAGE_STANDARD = "gnu++0x";
				CLANG_CXX_LIBRARY = "libc++";
				CLANG_ENABLE_MODULES = YES;
				CLANG_ENABLE_OBJC_ARC = YES;
				CLANG_WARN_BOOL_CONVERSION = YES;
				CLANG_WARN_CONSTANT_CONVERSION = YES;
				CLANG_WARN_DIRECT_OBJC_ISA_USAGE = YES_ERROR;
				CLANG_WARN_DOCUMENTATION_COMMENTS = YES;
				CLANG_WARN_EMPTY_BODY = YES;
				CLANG_WARN_ENUM_CONVERSION = YES;
				CLANG_WARN_INFINITE_RECURSION = YES;
				CLANG_WARN_INT_CONVERSION = YES;
				CLANG_WARN_OBJC_ROOT_CLASS = YES_ERROR;
				CLANG_WARN_SUSPICIOUS_MOVE = YES;
				CLANG_WARN_UNREACHABLE_CODE = YES;
				CLANG_WARN__DUPLICATE_METHOD_MATCH = YES;
				"CODE_SIGN_IDENTITY[sdk=iphoneos*]" = "iPhone Developer";
				COPY_PHASE_STRIP = NO;
				DEBUG_INFORMATION_FORMAT = dwarf;
				ENABLE_STRICT_OBJC_MSGSEND = YES;
				ENABLE_TESTABILITY = YES;
				GCC_C_LANGUAGE_STANDARD = gnu99;
				GCC_DYNAMIC_NO_PIC = NO;
				GCC_NO_COMMON_BLOCKS = YES;
				GCC_OPTIMIZATION_LEVEL = 0;
				GCC_PREPROCESSOR_DEFINITIONS = (
					"DEBUG=1",
					"$(inherited)",
				);
				GCC_WARN_64_TO_32_BIT_CONVERSION = YES;
				GCC_WARN_ABOUT_RETURN_TYPE = YES_ERROR;
				GCC_WARN_UNDECLARED_SELECTOR = YES;
				GCC_WARN_UNINITIALIZED_AUTOS = YES_AGGRESSIVE;
				GCC_WARN_UNUSED_FUNCTION = YES;
				GCC_WARN_UNUSED_VARIABLE = YES;
				IPHONEOS_DEPLOYMENT_TARGET = 10.3;
				MTL_ENABLE_DEBUG_INFO = YES;
				ONLY_ACTIVE_ARCH = YES;
				SDKROOT = iphoneos;
				SWIFT_ACTIVE_COMPILATION_CONDITIONS = DEBUG;
				SWIFT_OPTIMIZATION_LEVEL = "-Onone";
			};
			name = Debug;
		};
		1B11813F1F749787002FD929 /* Release */ = {
			isa = XCBuildConfiguration;
			buildSettings = {
				ALWAYS_SEARCH_USER_PATHS = NO;
				CLANG_ANALYZER_NONNULL = YES;
				CLANG_ANALYZER_NUMBER_OBJECT_CONVERSION = YES_AGGRESSIVE;
				CLANG_CXX_LANGUAGE_STANDARD = "gnu++0x";
				CLANG_CXX_LIBRARY = "libc++";
				CLANG_ENABLE_MODULES = YES;
				CLANG_ENABLE_OBJC_ARC = YES;
				CLANG_WARN_BOOL_CONVERSION = YES;
				CLANG_WARN_CONSTANT_CONVERSION = YES;
				CLANG_WARN_DIRECT_OBJC_ISA_USAGE = YES_ERROR;
				CLANG_WARN_DOCUMENTATION_COMMENTS = YES;
				CLANG_WARN_EMPTY_BODY = YES;
				CLANG_WARN_ENUM_CONVERSION = YES;
				CLANG_WARN_INFINITE_RECURSION = YES;
				CLANG_WARN_INT_CONVERSION = YES;
				CLANG_WARN_OBJC_ROOT_CLASS = YES_ERROR;
				CLANG_WARN_SUSPICIOUS_MOVE = YES;
				CLANG_WARN_UNREACHABLE_CODE = YES;
				CLANG_WARN__DUPLICATE_METHOD_MATCH = YES;
				"CODE_SIGN_IDENTITY[sdk=iphoneos*]" = "iPhone Developer";
				COPY_PHASE_STRIP = NO;
				DEBUG_INFORMATION_FORMAT = "dwarf-with-dsym";
				ENABLE_NS_ASSERTIONS = NO;
				ENABLE_STRICT_OBJC_MSGSEND = YES;
				GCC_C_LANGUAGE_STANDARD = gnu99;
				GCC_NO_COMMON_BLOCKS = YES;
				GCC_WARN_64_TO_32_BIT_CONVERSION = YES;
				GCC_WARN_ABOUT_RETURN_TYPE = YES_ERROR;
				GCC_WARN_UNDECLARED_SELECTOR = YES;
				GCC_WARN_UNINITIALIZED_AUTOS = YES_AGGRESSIVE;
				GCC_WARN_UNUSED_FUNCTION = YES;
				GCC_WARN_UNUSED_VARIABLE = YES;
				IPHONEOS_DEPLOYMENT_TARGET = 10.3;
				MTL_ENABLE_DEBUG_INFO = NO;
				SDKROOT = iphoneos;
				SWIFT_OPTIMIZATION_LEVEL = "-Owholemodule";
				VALIDATE_PRODUCT = YES;
			};
			name = Release;
		};
		1B1181411F749787002FD929 /* Debug */ = {
			isa = XCBuildConfiguration;
			baseConfigurationReference = 7F42154FB1DFB5DE7410EB29 /* Pods-HW7.debug.xcconfig */;
			buildSettings = {
				ASSETCATALOG_COMPILER_APPICON_NAME = AppIcon;
				INFOPLIST_FILE = "$(SRCROOT)/HW7/Info.plist";
				LD_RUNPATH_SEARCH_PATHS = "$(inherited) @executable_path/Frameworks";
				PRODUCT_BUNDLE_IDENTIFIER = edu.gvsu.cis.HW7;
				PRODUCT_NAME = "$(TARGET_NAME)";
				SWIFT_VERSION = 3.0;
			};
			name = Debug;
		};
		1B1181421F749787002FD929 /* Release */ = {
			isa = XCBuildConfiguration;
			baseConfigurationReference = CD3E8B5FD757F0BD3944AB81 /* Pods-HW7.release.xcconfig */;
			buildSettings = {
				ASSETCATALOG_COMPILER_APPICON_NAME = AppIcon;
				INFOPLIST_FILE = "$(SRCROOT)/HW7/Info.plist";
				LD_RUNPATH_SEARCH_PATHS = "$(inherited) @executable_path/Frameworks";
				PRODUCT_BUNDLE_IDENTIFIER = edu.gvsu.cis.HW7;
				PRODUCT_NAME = "$(TARGET_NAME)";
				SWIFT_VERSION = 3.0;
			};
			name = Release;
		};
		1B1181441F749787002FD929 /* Debug */ = {
			isa = XCBuildConfiguration;
			baseConfigurationReference = 681E59904AB9448D8FF70F3B /* Pods-HW7Tests.debug.xcconfig */;
			buildSettings = {
				ALWAYS_EMBED_SWIFT_STANDARD_LIBRARIES = YES;
				BUNDLE_LOADER = "$(TEST_HOST)";
				INFOPLIST_FILE = HW3Tests/Info.plist;
				LD_RUNPATH_SEARCH_PATHS = "$(inherited) @executable_path/Frameworks @loader_path/Frameworks";
				PRODUCT_BUNDLE_IDENTIFIER = edu.gvsu.cis.HW3Tests;
				PRODUCT_NAME = "$(TARGET_NAME)";
				SWIFT_VERSION = 3.0;
				TEST_HOST = "$(BUILT_PRODUCTS_DIR)/HW7.temp_caseinsensitive_rename.app/HW7.temp_caseinsensitive_rename";
			};
			name = Debug;
		};
		1B1181451F749787002FD929 /* Release */ = {
			isa = XCBuildConfiguration;
			baseConfigurationReference = 4B86E71C774AF225B3C3C9D0 /* Pods-HW7Tests.release.xcconfig */;
			buildSettings = {
				ALWAYS_EMBED_SWIFT_STANDARD_LIBRARIES = YES;
				BUNDLE_LOADER = "$(TEST_HOST)";
				INFOPLIST_FILE = HW3Tests/Info.plist;
				LD_RUNPATH_SEARCH_PATHS = "$(inherited) @executable_path/Frameworks @loader_path/Frameworks";
				PRODUCT_BUNDLE_IDENTIFIER = edu.gvsu.cis.HW3Tests;
				PRODUCT_NAME = "$(TARGET_NAME)";
				SWIFT_VERSION = 3.0;
				TEST_HOST = "$(BUILT_PRODUCTS_DIR)/HW7.temp_caseinsensitive_rename.app/HW7.temp_caseinsensitive_rename";
			};
			name = Release;
		};
		1B1181471F749787002FD929 /* Debug */ = {
			isa = XCBuildConfiguration;
			baseConfigurationReference = 5056CA254566603A51D09784 /* Pods-HW7UITests.debug.xcconfig */;
			buildSettings = {
				ALWAYS_EMBED_SWIFT_STANDARD_LIBRARIES = YES;
				INFOPLIST_FILE = HW3UITests/Info.plist;
				LD_RUNPATH_SEARCH_PATHS = "$(inherited) @executable_path/Frameworks @loader_path/Frameworks";
				PRODUCT_BUNDLE_IDENTIFIER = edu.gvsu.cis.HW3UITests;
				PRODUCT_NAME = "$(TARGET_NAME)";
				SWIFT_VERSION = 3.0;
				TEST_TARGET_NAME = HW3;
			};
			name = Debug;
		};
		1B1181481F749787002FD929 /* Release */ = {
			isa = XCBuildConfiguration;
			baseConfigurationReference = 5CE695A39480DBAA88CD654B /* Pods-HW7UITests.release.xcconfig */;
			buildSettings = {
				ALWAYS_EMBED_SWIFT_STANDARD_LIBRARIES = YES;
				INFOPLIST_FILE = HW3UITests/Info.plist;
				LD_RUNPATH_SEARCH_PATHS = "$(inherited) @executable_path/Frameworks @loader_path/Frameworks";
				PRODUCT_BUNDLE_IDENTIFIER = edu.gvsu.cis.HW3UITests;
				PRODUCT_NAME = "$(TARGET_NAME)";
				SWIFT_VERSION = 3.0;
				TEST_TARGET_NAME = HW3;
			};
			name = Release;
		};
/* End XCBuildConfiguration section */

/* Begin XCConfigurationList section */
		1B1181131F749786002FD929 /* Build configuration list for PBXProject "HW7" */ = {
			isa = XCConfigurationList;
			buildConfigurations = (
				1B11813E1F749787002FD929 /* Debug */,
				1B11813F1F749787002FD929 /* Release */,
			);
			defaultConfigurationIsVisible = 0;
			defaultConfigurationName = Release;
		};
		1B1181401F749787002FD929 /* Build configuration list for PBXNativeTarget "HW7" */ = {
			isa = XCConfigurationList;
			buildConfigurations = (
				1B1181411F749787002FD929 /* Debug */,
				1B1181421F749787002FD929 /* Release */,
			);
			defaultConfigurationIsVisible = 0;
			defaultConfigurationName = Release;
		};
		1B1181431F749787002FD929 /* Build configuration list for PBXNativeTarget "HW7Tests" */ = {
			isa = XCConfigurationList;
			buildConfigurations = (
				1B1181441F749787002FD929 /* Debug */,
				1B1181451F749787002FD929 /* Release */,
			);
			defaultConfigurationIsVisible = 0;
			defaultConfigurationName = Release;
		};
		1B1181461F749787002FD929 /* Build configuration list for PBXNativeTarget "HW7UITests" */ = {
			isa = XCConfigurationList;
			buildConfigurations = (
				1B1181471F749787002FD929 /* Debug */,
				1B1181481F749787002FD929 /* Release */,
			);
			defaultConfigurationIsVisible = 0;
			defaultConfigurationName = Release;
		};
/* End XCConfigurationList section */
	};
	rootObject = 1B1181101F749786002FD929 /* Project object */;
}
